
Microsoft Visual Studio Solution File, Format Version 12.00
# Visual Studio Version 17
VisualStudioVersion = 17.5.2.0
MinimumVisualStudioVersion = 10.0.40219.1
Project("{FAE04EC0-301F-11D3-BF4B-00C04F79EFBC}") = "DogtoraliaMVC", "DogtoraliaMVC.csproj", "{C0F43EA1-392E-DB21-770B-AE76F5309D58}"
EndProject
Project("{FAE04EC0-301F-11D3-BF4B-00C04F79EFBC}") = "DogtoraliaMVC.Tests", "..\DogtoraliaMVC.Tests\DogtoraliaMVC.Tests.csproj", "{D38FBA11-E0AB-4BBD-A069-F37282DD5475}"
EndProject
Global
	GlobalSection(SolutionConfigurationPlatforms) = preSolution
		Debug|Any CPU = Debug|Any CPU
		Debug|x64 = Debug|x64
		Debug|x86 = Debug|x86
		Release|Any CPU = Release|Any CPU
		Release|x64 = Release|x64
		Release|x86 = Release|x86
	EndGlobalSection
	GlobalSection(ProjectConfigurationPlatforms) = postSolution
		{C0F43EA1-392E-DB21-770B-AE76F5309D58}.Debug|Any CPU.ActiveCfg = Debug|Any CPU
		{C0F43EA1-392E-DB21-770B-AE76F5309D58}.Debug|Any CPU.Build.0 = Debug|Any CPU
		{C0F43EA1-392E-DB21-770B-AE76F5309D58}.Debug|x64.ActiveCfg = Debug|Any CPU
		{C0F43EA1-392E-DB21-770B-AE76F5309D58}.Debug|x64.Build.0 = Debug|Any CPU
		{C0F43EA1-392E-DB21-770B-AE76F5309D58}.Debug|x86.ActiveCfg = Debug|Any CPU
		{C0F43EA1-392E-DB21-770B-AE76F5309D58}.Debug|x86.Build.0 = Debug|Any CPU
		{C0F43EA1-392E-DB21-770B-AE76F5309D58}.Release|Any CPU.ActiveCfg = Release|Any CPU
		{C0F43EA1-392E-DB21-770B-AE76F5309D58}.Release|Any CPU.Build.0 = Release|Any CPU
		{C0F43EA1-392E-DB21-770B-AE76F5309D58}.Release|x64.ActiveCfg = Release|Any CPU
		{C0F43EA1-392E-DB21-770B-AE76F5309D58}.Release|x64.Build.0 = Release|Any CPU
		{C0F43EA1-392E-DB21-770B-AE76F5309D58}.Release|x86.ActiveCfg = Release|Any CPU
		{C0F43EA1-392E-DB21-770B-AE76F5309D58}.Release|x86.Build.0 = Release|Any CPU
		{D38FBA11-E0AB-4BBD-A069-F37282DD5475}.Debug|Any CPU.ActiveCfg = Debug|Any CPU
		{D38FBA11-E0AB-4BBD-A069-F37282DD5475}.Debug|Any CPU.Build.0 = Debug|Any CPU
		{D38FBA11-E0AB-4BBD-A069-F37282DD5475}.Debug|x64.ActiveCfg = Debug|Any CPU
		{D38FBA11-E0AB-4BBD-A069-F37282DD5475}.Debug|x64.Build.0 = Debug|Any CPU
		{D38FBA11-E0AB-4BBD-A069-F37282DD5475}.Debug|x86.ActiveCfg = Debug|Any CPU
		{D38FBA11-E0AB-4BBD-A069-F37282DD5475}.Debug|x86.Build.0 = Debug|Any CPU
		{D38FBA11-E0AB-4BBD-A069-F37282DD5475}.Release|Any CPU.ActiveCfg = Release|Any CPU
		{D38FBA11-E0AB-4BBD-A069-F37282DD5475}.Release|Any CPU.Build.0 = Release|Any CPU
		{D38FBA11-E0AB-4BBD-A069-F37282DD5475}.Release|x64.ActiveCfg = Release|Any CPU
		{D38FBA11-E0AB-4BBD-A069-F37282DD5475}.Release|x64.Build.0 = Release|Any CPU
		{D38FBA11-E0AB-4BBD-A069-F37282DD5475}.Release|x86.ActiveCfg = Release|Any CPU
		{D38FBA11-E0AB-4BBD-A069-F37282DD5475}.Release|x86.Build.0 = Release|Any CPU
	EndGlobalSection
	GlobalSection(SolutionProperties) = preSolution
		HideSolutionNode = FALSE
	EndGlobalSection
	GlobalSection(ExtensibilityGlobals) = postSolution
		SolutionGuid = {618AB315-B95E-4467-897B-ECEEDA40FA3E}
	EndGlobalSection
EndGlobal
